
Microsoft Visual Studio Solution File, Format Version 12.00
# Visual Studio Version 17
VisualStudioVersion = 17.0.32112.339
MinimumVisualStudioVersion = 10.0.40219.1
Project("{9A19103F-16F7-4668-BE54-9A1E7A4F7556}") = "SISMA", "SISMA\SISMA.csproj", "{629A8E23-E233-43BE-8755-2A3616A726F2}"
EndProject
Project("{9A19103F-16F7-4668-BE54-9A1E7A4F7556}") = "SISMA.Core", "SISMA.Core\SISMA.Core.csproj", "{F5CD9097-7D83-4F2F-B94A-47688823CD06}"
EndProject
Project("{9A19103F-16F7-4668-BE54-9A1E7A4F7556}") = "SISMA.Infrastructure", "SISMA.Infrastructure\SISMA.Infrastructure.csproj", "{AF3A473D-9EC6-4790-8B5B-5A16A384A198}"
EndProject
Project("{9A19103F-16F7-4668-BE54-9A1E7A4F7556}") = "SISMA.Api", "SISMA.Api\SISMA.Api.csproj", "{17AAFD9B-C4E6-4451-BF90-821E06372596}"
EndProject
Project("{FAE04EC0-301F-11D3-BF4B-00C04F79EFBC}") = "SISMA.Worker", "SISMA.Worker\SISMA.Worker.csproj", "{A0019EA5-97E9-429F-8529-CF6E82841E6B}"
EndProject
Global
	GlobalSection(SolutionConfigurationPlatforms) = preSolution
		Debug|Any CPU = Debug|Any CPU
		Release|Any CPU = Release|Any CPU
	EndGlobalSection
	GlobalSection(ProjectConfigurationPlatforms) = postSolution
		{629A8E23-E233-43BE-8755-2A3616A726F2}.Debug|Any CPU.ActiveCfg = Debug|Any CPU
		{629A8E23-E233-43BE-8755-2A3616A726F2}.Debug|Any CPU.Build.0 = Debug|Any CPU
		{629A8E23-E233-43BE-8755-2A3616A726F2}.Release|Any CPU.ActiveCfg = Release|Any CPU
		{629A8E23-E233-43BE-8755-2A3616A726F2}.Release|Any CPU.Build.0 = Release|Any CPU
		{F5CD9097-7D83-4F2F-B94A-47688823CD06}.Debug|Any CPU.ActiveCfg = Debug|Any CPU
		{F5CD9097-7D83-4F2F-B94A-47688823CD06}.Debug|Any CPU.Build.0 = Debug|Any CPU
		{F5CD9097-7D83-4F2F-B94A-47688823CD06}.Release|Any CPU.ActiveCfg = Release|Any CPU
		{F5CD9097-7D83-4F2F-B94A-47688823CD06}.Release|Any CPU.Build.0 = Release|Any CPU
		{AF3A473D-9EC6-4790-8B5B-5A16A384A198}.Debug|Any CPU.ActiveCfg = Debug|Any CPU
		{AF3A473D-9EC6-4790-8B5B-5A16A384A198}.Debug|Any CPU.Build.0 = Debug|Any CPU
		{AF3A473D-9EC6-4790-8B5B-5A16A384A198}.Release|Any CPU.ActiveCfg = Release|Any CPU
		{AF3A473D-9EC6-4790-8B5B-5A16A384A198}.Release|Any CPU.Build.0 = Release|Any CPU
		{17AAFD9B-C4E6-4451-BF90-821E06372596}.Debug|Any CPU.ActiveCfg = Debug|Any CPU
		{17AAFD9B-C4E6-4451-BF90-821E06372596}.Debug|Any CPU.Build.0 = Debug|Any CPU
		{17AAFD9B-C4E6-4451-BF90-821E06372596}.Release|Any CPU.ActiveCfg = Release|Any CPU
		{17AAFD9B-C4E6-4451-BF90-821E06372596}.Release|Any CPU.Build.0 = Release|Any CPU
		{A0019EA5-97E9-429F-8529-CF6E82841E6B}.Debug|Any CPU.ActiveCfg = Debug|Any CPU
		{A0019EA5-97E9-429F-8529-CF6E82841E6B}.Debug|Any CPU.Build.0 = Debug|Any CPU
		{A0019EA5-97E9-429F-8529-CF6E82841E6B}.Release|Any CPU.ActiveCfg = Release|Any CPU
		{A0019EA5-97E9-429F-8529-CF6E82841E6B}.Release|Any CPU.Build.0 = Release|Any CPU
	EndGlobalSection
	GlobalSection(SolutionProperties) = preSolution
		HideSolutionNode = FALSE
	EndGlobalSection
	GlobalSection(ExtensibilityGlobals) = postSolution
		SolutionGuid = {A99FF6FC-9FBB-470B-9135-DC964676D2CB}
	EndGlobalSection
EndGlobal
